---
envLayerMetadata:
- tarHash: "c0aea75feba1df12d380c3e7fd35f1842489289e47018a0f19491a47f1f8c337"
  gzipHash: "2c127b8d39727e4b8b2fd30ede2c7badef944afb512beed9aa099c3dd779db80"
  gzipSize: 317696883
internalCondaLockHash:
  condaGeneratorVersion: 2
  hash: "1ea9ce4c1a5ca18bb15c9117a56a5294e73ddcc28f8be49db6ed3dfc76408ea5"
