# THIS IS AN AUTOGENERATED FILE. DO NOT EDIT THIS FILE DIRECTLY.
# ALWAYS COMMIT THIS FILE TO GIT.
# Records the exact versions and metadata of all packages installed to ensure reproducible environments.

[conda]
_libgcc_mutex=0.1=main @ 777e1a0e
_openmp_mutex=5.1=1_gnu @ 49551990
aioitertools=0.13.0=pyhd8ed1ab_0 @ 29701cdd
annotated-types=0.7.0=pyhd8ed1ab_1 @ 29701cdd
anyio=4.13.0=pyhcf101f3_0 @ 29701cdd
backports.zstd=1.3.0=py312h90b7ffd_0 @ 45401d29
brotli-python=1.2.0=py312hdb49522_1 @ 45401d29
bzip2=1.0.8=hda65f42_9 @ 45401d29
ca-certificates=2026.4.22=hbd8a1cb_0 @ 931c1ab2
certifi=2026.4.22=pyhd8ed1ab_0 @ 931c1ab2
charset-normalizer=3.4.7=pyhd8ed1ab_0 @ 29701cdd
ciso8601=2.3.3=py312h5253ce2_1 @ 45401d29
conjure-python-client=3.3.0=pyhd8ed1ab_0 @ 29701cdd
deprecated=1.3.1=pyhd8ed1ab_1 @ 29701cdd
exceptiongroup=1.3.1=pyhd8ed1ab_0 @ 29701cdd
external-systems=0.109.0=pyhd8ed1ab_0 @ 29701cdd
foundry-platform-sdk=1.82.0=pyhd8ed1ab_0 @ 931c1ab2
foundry-sdk-runtime=2.198.0=py_0 @ 605019c2
frozendict=2.4.7=py312h4c3975b_0 @ 45401d29
functions-python-api=0.666.0=py_0 @ 60911d5b
functions-python-sources=0.666.0=py_0 @ 60911d5b
h11=0.16.0=pyhcf101f3_1 @ 29701cdd
h2=4.3.0=pyhcf101f3_0 @ 29701cdd
hpack=4.1.0=pyhd8ed1ab_0 @ 29701cdd
httpcore=1.0.9=pyh29332c3_0 @ 29701cdd
httpx=0.28.1=pyhd8ed1ab_0 @ 29701cdd
hyperframe=6.1.0=pyhd8ed1ab_0 @ 29701cdd
icu=78.3=h33c6efd_0 @ 45401d29
idna=3.13=pyhcf101f3_0 @ 931c1ab2
importlib-metadata=8.7.0=pyhe01879c_1 @ 29701cdd
joblib=1.5.3=pyhd8ed1ab_0 @ 931c1ab2
json-stream-rs-tokenizer=0.5.1=py312hd04cf1f_0 @ 45401d29
json_stream=2.5.1=pyhd8ed1ab_0 @ 931c1ab2
ld_impl_linux-64=2.45.1=default_hbd61a6d_102 @ 45401d29
libblas=3.11.0=6_h4a7cf45_openblas @ 426e1572
libcblas=3.11.0=6_h0358290_openblas @ 426e1572
libexpat=2.7.5=hecca717_0 @ 45401d29
libffi=3.5.2=h9ec8514_0 @ 45401d29
libgcc=15.2.0=he0feb66_18 @ 45401d29
libgcc-ng=15.2.0=h69a702a_18 @ 45401d29
libgfortran=15.2.0=h69a702a_18 @ 426e1572
libgfortran-ng=15.2.0=h69a702a_18 @ ad241afe
libgfortran5=15.2.0=h68bc16d_18 @ 426e1572
libgomp=15.2.0=he0feb66_18 @ 45401d29
liblapack=3.11.0=6_h47877c9_openblas @ 426e1572
liblzma=5.8.3=hb03c661_0 @ 45401d29
libnsl=2.0.1=hb9d3cd8_1 @ 45401d29
libopenblas=0.3.32=pthreads_h94d23a6_0 @ 426e1572
libsqlite=3.53.0=hf4e2dac_0 @ 45401d29
libstdcxx=15.2.0=h934c35e_18 @ 45401d29
libstdcxx-ng=15.2.0=hdf11a46_18 @ 426e1572
libuuid=2.42=h5347b49_0 @ 45401d29
libxcrypt=4.4.36=hd590300_1 @ 45401d29
libzlib=1.3.2=h25fd6f3_2 @ 45401d29
ncurses=6.6=hdb14827_0 @ ad241afe
numpy=1.26.4=py312heda63a1_0 @ 426e1572
ontology_sdk=0.1.0=py_0 @ c7f917df
openssl=3.6.2=h35e630c_0 @ 45401d29
opentelemetry-api=1.41.0=pyhd8ed1ab_0 @ 29701cdd
opentelemetry-instrumentation=0.62b0=pyhd8ed1ab_0 @ 29701cdd
opentelemetry-instrumentation-httpx=0.62b0=pyhd8ed1ab_0 @ 29701cdd
opentelemetry-instrumentation-requests=0.62b0=pyhd8ed1ab_0 @ 29701cdd
opentelemetry-instrumentation-threading=0.62b0=pyhd8ed1ab_0 @ 29701cdd
opentelemetry-sdk=1.41.0=pyhd8ed1ab_0 @ 29701cdd
opentelemetry-semantic-conventions=0.62b0=pyhd8ed1ab_0 @ 29701cdd
opentelemetry-util-http=0.62b0=pyhd8ed1ab_0 @ 29701cdd
packaging=26.2=pyhc364b38_0 @ 931c1ab2
pip=26.0.1=pyh8b19718_0 @ 29701cdd
pydantic=2.13.3=pyhcf101f3_0 @ 29701cdd
pydantic-core=2.46.3=py312h868fb18_0 @ 45401d29
pysocks=1.7.1=pyha55dd90_7 @ 29701cdd
python=3.12.13=hd63d673_0_cpython @ 45401d29
python-dateutil=2.9.0.post0=pyhe01879c_2 @ 29701cdd
python_abi=3.12=8_cp312 @ 29701cdd
pyyaml=6.0.3=py312h8a5da7c_1 @ 45401d29
readline=8.3=h853b02a_0 @ 45401d29
requests=2.33.1=pyhcf101f3_1 @ 931c1ab2
retrying=1.4.2=pyhe01879c_0 @ 29701cdd
scikit-learn=1.4.1.post1=py312h394d371_0 @ ad241afe
scipy=1.12.0=py312heda63a1_2 @ ad241afe
setuptools=79.0.1=pyhff2d567_0 @ 29701cdd
six=1.17.0=pyhe01879c_1 @ 29701cdd
sniffio=1.3.1=pyhd8ed1ab_2 @ 29701cdd
threadpoolctl=3.6.0=pyhecae5ae_0 @ 931c1ab2
tk=8.6.13=noxft_h366c992_103 @ 45401d29
types-python-dateutil=2.9.0.20260408=pyhcf101f3_0 @ 29701cdd
typing-extensions=4.15.0=h396c80c_0 @ 29701cdd
typing-inspection=0.4.2=pyhcf101f3_2 @ 931c1ab2
typing_extensions=4.15.0=pyhcf101f3_0 @ 29701cdd
tzdata=2025c=hc9c84f9_1 @ 29701cdd
urllib3=2.6.3=pyhd8ed1ab_0 @ 29701cdd
websockets=16.0=py312h5253ce2_1 @ 49551990
wheel=0.47.0=pyhd8ed1ab_0 @ 931c1ab2
wrapt=1.17.3=py312h4c3975b_1 @ 45401d29
yaml=0.2.5=h280c20c_3 @ 45401d29
zipp=3.23.1=pyhcf101f3_0 @ 29701cdd
zstd=1.5.7=hb78ec9c_6 @ 45401d29

[pip]

[conda-metadata]
29701cdd - noarch @ conda @ ri.functions-python-api-asset-bundle.main.artifacts.repository
426e1572 - linux-64 @ conda @ ri.transforms.python.artifacts.repository
45401d29 - linux-64 @ conda @ ri.functions-python-api-asset-bundle.main.artifacts.repository
49551990 - linux-64 @ conda @ ri.foundry-sdk-asset-bundle.main.artifacts.repository
605019c2 - noarch @ tar.bz2 @ ri.foundry-sdk-asset-bundle.main.artifacts.repository
60911d5b - noarch @ tar.bz2 @ ri.functions-python-api-asset-bundle.main.artifacts.repository
777e1a0e - linux-64 @ tar.bz2 @ ri.foundry-sdk-asset-bundle.main.artifacts.repository
931c1ab2 - noarch @ conda @ ri.artifacts.repository.artifactory.external-conda-forge
ad241afe - linux-64 @ conda @ ri.artifacts.repository.artifactory.external-conda-forge
c7f917df - noarch @ conda @ ri.stemma.main.repository.3363d072-667a-413f-a95c-fce86a20ba81

[pip-indices]
ri.foundry-sdk-asset-bundle.main.artifacts.repository
ri.functions-python-api-asset-bundle.main.artifacts.repository
ri.python-osdk-asset-bundle.main.artifacts.repository
ri.stemma.main.repository.3363d072-667a-413f-a95c-fce86a20ba81

[cran-repos]
ri.stemma.main.repository.3363d072-667a-413f-a95c-fce86a20ba81

[conda lock version]
v3 - 893c0383290d3644854b1b0a8bbfdcbe1874c86f95cdb50d0d0ac996cb498f26
